
Microsoft Visual Studio Solution File, Format Version 12.00
# Visual Studio Version 16
VisualStudioVersion = 16.0.31112.23
MinimumVisualStudioVersion = 10.0.40219.1
Project("{9A19103F-16F7-4668-BE54-9A1E7A4F7556}") = "RBTools.Application", "RBTools.Application\RBTools.Application.csproj", "{C39B9C4D-3CCE-4E21-A0A9-F246589345B3}"
EndProject
Project("{9A19103F-16F7-4668-BE54-9A1E7A4F7556}") = "RBTools.Domain", "RBTools.Domain\RBTools.Domain.csproj", "{47521B60-DD3A-43B2-82E2-EB9EF327A70D}"
EndProject
Project("{9A19103F-16F7-4668-BE54-9A1E7A4F7556}") = "RBTools.Infrastructure.Persistence", "RBTools.Infrastructure.Persistence\RBTools.Infrastructure.Persistence.csproj", "{896CC1B7-E89B-4429-ACF6-574EB038D688}"
EndProject
Project("{9A19103F-16F7-4668-BE54-9A1E7A4F7556}") = "RBTools.UI.Wpf", "RBTools.UI.Wpf\RBTools.UI.Wpf.csproj", "{B2007E2A-AD2B-4DF7-9621-E9914B19DE69}"
EndProject
Project("{2150E333-8FDC-42A3-9474-1A3956D46DE8}") = "Tests", "Tests", "{DB70E9C4-8134-4497-8C38-E089849E6452}"
EndProject
Project("{FAE04EC0-301F-11D3-BF4B-00C04F79EFBC}") = "RBTools.Domain.Tests", "RBTools.Domain.Tests\RBTools.Domain.Tests.csproj", "{435099F1-3715-4385-A9C1-15116AC0C85B}"
EndProject
Project("{FAE04EC0-301F-11D3-BF4B-00C04F79EFBC}") = "RBTools.Application.Tests", "RBTools.Application.Tests\RBTools.Application.Tests.csproj", "{9930E9F9-39E6-470E-A644-C15D1C71DA88}"
EndProject
Project("{FAE04EC0-301F-11D3-BF4B-00C04F79EFBC}") = "RBTools.Infrastructure.Persistence.Tests", "RBTools.Infrastructure.Persistence.Tests\RBTools.Infrastructure.Persistence.Tests.csproj", "{C17E5354-1DFF-4D3B-9375-3169BD99060F}"
EndProject
Project("{FAE04EC0-301F-11D3-BF4B-00C04F79EFBC}") = "RBTools.UI.Wpf.Tests", "RBTools.UI.Wpf.Tests\RBTools.UI.Wpf.Tests.csproj", "{E9FFBB66-A2FE-44FD-AE88-33CA3A4135FE}"
EndProject
Global
	GlobalSection(SolutionConfigurationPlatforms) = preSolution
		Debug|Any CPU = Debug|Any CPU
		Debug|ARM = Debug|ARM
		Debug|ARM64 = Debug|ARM64
		Debug|x64 = Debug|x64
		Debug|x86 = Debug|x86
		Release|Any CPU = Release|Any CPU
		Release|ARM = Release|ARM
		Release|ARM64 = Release|ARM64
		Release|x64 = Release|x64
		Release|x86 = Release|x86
	EndGlobalSection
	GlobalSection(ProjectConfigurationPlatforms) = postSolution
		{C39B9C4D-3CCE-4E21-A0A9-F246589345B3}.Debug|Any CPU.ActiveCfg = Debug|Any CPU
		{C39B9C4D-3CCE-4E21-A0A9-F246589345B3}.Debug|Any CPU.Build.0 = Debug|Any CPU
		{C39B9C4D-3CCE-4E21-A0A9-F246589345B3}.Debug|ARM.ActiveCfg = Debug|Any CPU
		{C39B9C4D-3CCE-4E21-A0A9-F246589345B3}.Debug|ARM.Build.0 = Debug|Any CPU
		{C39B9C4D-3CCE-4E21-A0A9-F246589345B3}.Debug|ARM64.ActiveCfg = Debug|Any CPU
		{C39B9C4D-3CCE-4E21-A0A9-F246589345B3}.Debug|ARM64.Build.0 = Debug|Any CPU
		{C39B9C4D-3CCE-4E21-A0A9-F246589345B3}.Debug|x64.ActiveCfg = Debug|Any CPU
		{C39B9C4D-3CCE-4E21-A0A9-F246589345B3}.Debug|x64.Build.0 = Debug|Any CPU
		{C39B9C4D-3CCE-4E21-A0A9-F246589345B3}.Debug|x86.ActiveCfg = Debug|Any CPU
		{C39B9C4D-3CCE-4E21-A0A9-F246589345B3}.Debug|x86.Build.0 = Debug|Any CPU
		{C39B9C4D-3CCE-4E21-A0A9-F246589345B3}.Release|Any CPU.ActiveCfg = Release|Any CPU
		{C39B9C4D-3CCE-4E21-A0A9-F246589345B3}.Release|Any CPU.Build.0 = Release|Any CPU
		{C39B9C4D-3CCE-4E21-A0A9-F246589345B3}.Release|ARM.ActiveCfg = Release|Any CPU
		{C39B9C4D-3CCE-4E21-A0A9-F246589345B3}.Release|ARM.Build.0 = Release|Any CPU
		{C39B9C4D-3CCE-4E21-A0A9-F246589345B3}.Release|ARM64.ActiveCfg = Release|Any CPU
		{C39B9C4D-3CCE-4E21-A0A9-F246589345B3}.Release|ARM64.Build.0 = Release|Any CPU
		{C39B9C4D-3CCE-4E21-A0A9-F246589345B3}.Release|x64.ActiveCfg = Release|Any CPU
		{C39B9C4D-3CCE-4E21-A0A9-F246589345B3}.Release|x64.Build.0 = Release|Any CPU
		{C39B9C4D-3CCE-4E21-A0A9-F246589345B3}.Release|x86.ActiveCfg = Release|Any CPU
		{C39B9C4D-3CCE-4E21-A0A9-F246589345B3}.Release|x86.Build.0 = Release|Any CPU
		{47521B60-DD3A-43B2-82E2-EB9EF327A70D}.Debug|Any CPU.ActiveCfg = Debug|Any CPU
		{47521B60-DD3A-43B2-82E2-EB9EF327A70D}.Debug|Any CPU.Build.0 = Debug|Any CPU
		{47521B60-DD3A-43B2-82E2-EB9EF327A70D}.Debug|ARM.ActiveCfg = Debug|Any CPU
		{47521B60-DD3A-43B2-82E2-EB9EF327A70D}.Debug|ARM.Build.0 = Debug|Any CPU
		{47521B60-DD3A-43B2-82E2-EB9EF327A70D}.Debug|ARM64.ActiveCfg = Debug|Any CPU
		{47521B60-DD3A-43B2-82E2-EB9EF327A70D}.Debug|ARM64.Build.0 = Debug|Any CPU
		{47521B60-DD3A-43B2-82E2-EB9EF327A70D}.Debug|x64.ActiveCfg = Debug|Any CPU
		{47521B60-DD3A-43B2-82E2-EB9EF327A70D}.Debug|x64.Build.0 = Debug|Any CPU
		{47521B60-DD3A-43B2-82E2-EB9EF327A70D}.Debug|x86.ActiveCfg = Debug|Any CPU
		{47521B60-DD3A-43B2-82E2-EB9EF327A70D}.Debug|x86.Build.0 = Debug|Any CPU
		{47521B60-DD3A-43B2-82E2-EB9EF327A70D}.Release|Any CPU.ActiveCfg = Release|Any CPU
		{47521B60-DD3A-43B2-82E2-EB9EF327A70D}.Release|Any CPU.Build.0 = Release|Any CPU
		{47521B60-DD3A-43B2-82E2-EB9EF327A70D}.Release|ARM.ActiveCfg = Release|Any CPU
		{47521B60-DD3A-43B2-82E2-EB9EF327A70D}.Release|ARM.Build.0 = Release|Any CPU
		{47521B60-DD3A-43B2-82E2-EB9EF327A70D}.Release|ARM64.ActiveCfg = Release|Any CPU
		{47521B60-DD3A-43B2-82E2-EB9EF327A70D}.Release|ARM64.Build.0 = Release|Any CPU
		{47521B60-DD3A-43B2-82E2-EB9EF327A70D}.Release|x64.ActiveCfg = Release|Any CPU
		{47521B60-DD3A-43B2-82E2-EB9EF327A70D}.Release|x64.Build.0 = Release|Any CPU
		{47521B60-DD3A-43B2-82E2-EB9EF327A70D}.Release|x86.ActiveCfg = Release|Any CPU
		{47521B60-DD3A-43B2-82E2-EB9EF327A70D}.Release|x86.Build.0 = Release|Any CPU
		{896CC1B7-E89B-4429-ACF6-574EB038D688}.Debug|Any CPU.ActiveCfg = Debug|Any CPU
		{896CC1B7-E89B-4429-ACF6-574EB038D688}.Debug|Any CPU.Build.0 = Debug|Any CPU
		{896CC1B7-E89B-4429-ACF6-574EB038D688}.Debug|ARM.ActiveCfg = Debug|Any CPU
		{896CC1B7-E89B-4429-ACF6-574EB038D688}.Debug|ARM.Build.0 = Debug|Any CPU
		{896CC1B7-E89B-4429-ACF6-574EB038D688}.Debug|ARM64.ActiveCfg = Debug|Any CPU
		{896CC1B7-E89B-4429-ACF6-574EB038D688}.Debug|ARM64.Build.0 = Debug|Any CPU
		{896CC1B7-E89B-4429-ACF6-574EB038D688}.Debug|x64.ActiveCfg = Debug|Any CPU
		{896CC1B7-E89B-4429-ACF6-574EB038D688}.Debug|x64.Build.0 = Debug|Any CPU
		{896CC1B7-E89B-4429-ACF6-574EB038D688}.Debug|x86.ActiveCfg = Debug|Any CPU
		{896CC1B7-E89B-4429-ACF6-574EB038D688}.Debug|x86.Build.0 = Debug|Any CPU
		{896CC1B7-E89B-4429-ACF6-574EB038D688}.Release|Any CPU.ActiveCfg = Release|Any CPU
		{896CC1B7-E89B-4429-ACF6-574EB038D688}.Release|Any CPU.Build.0 = Release|Any CPU
		{896CC1B7-E89B-4429-ACF6-574EB038D688}.Release|ARM.ActiveCfg = Release|Any CPU
		{896CC1B7-E89B-4429-ACF6-574EB038D688}.Release|ARM.Build.0 = Release|Any CPU
		{896CC1B7-E89B-4429-ACF6-574EB038D688}.Release|ARM64.ActiveCfg = Release|Any CPU
		{896CC1B7-E89B-4429-ACF6-574EB038D688}.Release|ARM64.Build.0 = Release|Any CPU
		{896CC1B7-E89B-4429-ACF6-574EB038D688}.Release|x64.ActiveCfg = Release|Any CPU
		{896CC1B7-E89B-4429-ACF6-574EB038D688}.Release|x64.Build.0 = Release|Any CPU
		{896CC1B7-E89B-4429-ACF6-574EB038D688}.Release|x86.ActiveCfg = Release|Any CPU
		{896CC1B7-E89B-4429-ACF6-574EB038D688}.Release|x86.Build.0 = Release|Any CPU
		{B2007E2A-AD2B-4DF7-9621-E9914B19DE69}.Debug|Any CPU.ActiveCfg = Debug|Any CPU
		{B2007E2A-AD2B-4DF7-9621-E9914B19DE69}.Debug|Any CPU.Build.0 = Debug|Any CPU
		{B2007E2A-AD2B-4DF7-9621-E9914B19DE69}.Debug|ARM.ActiveCfg = Debug|Any CPU
		{B2007E2A-AD2B-4DF7-9621-E9914B19DE69}.Debug|ARM.Build.0 = Debug|Any CPU
		{B2007E2A-AD2B-4DF7-9621-E9914B19DE69}.Debug|ARM64.ActiveCfg = Debug|Any CPU
		{B2007E2A-AD2B-4DF7-9621-E9914B19DE69}.Debug|ARM64.Build.0 = Debug|Any CPU
		{B2007E2A-AD2B-4DF7-9621-E9914B19DE69}.Debug|x64.ActiveCfg = Debug|Any CPU
		{B2007E2A-AD2B-4DF7-9621-E9914B19DE69}.Debug|x64.Build.0 = Debug|Any CPU
		{B2007E2A-AD2B-4DF7-9621-E9914B19DE69}.Debug|x86.ActiveCfg = Debug|Any CPU
		{B2007E2A-AD2B-4DF7-9621-E9914B19DE69}.Debug|x86.Build.0 = Debug|Any CPU
		{B2007E2A-AD2B-4DF7-9621-E9914B19DE69}.Release|Any CPU.ActiveCfg = Release|Any CPU
		{B2007E2A-AD2B-4DF7-9621-E9914B19DE69}.Release|Any CPU.Build.0 = Release|Any CPU
		{B2007E2A-AD2B-4DF7-9621-E9914B19DE69}.Release|ARM.ActiveCfg = Release|Any CPU
		{B2007E2A-AD2B-4DF7-9621-E9914B19DE69}.Release|ARM.Build.0 = Release|Any CPU
		{B2007E2A-AD2B-4DF7-9621-E9914B19DE69}.Release|ARM64.ActiveCfg = Release|Any CPU
		{B2007E2A-AD2B-4DF7-9621-E9914B19DE69}.Release|ARM64.Build.0 = Release|Any CPU
		{B2007E2A-AD2B-4DF7-9621-E9914B19DE69}.Release|x64.ActiveCfg = Release|Any CPU
		{B2007E2A-AD2B-4DF7-9621-E9914B19DE69}.Release|x64.Build.0 = Release|Any CPU
		{B2007E2A-AD2B-4DF7-9621-E9914B19DE69}.Release|x86.ActiveCfg = Release|Any CPU
		{B2007E2A-AD2B-4DF7-9621-E9914B19DE69}.Release|x86.Build.0 = Release|Any CPU
		{435099F1-3715-4385-A9C1-15116AC0C85B}.Debug|Any CPU.ActiveCfg = Debug|Any CPU
		{435099F1-3715-4385-A9C1-15116AC0C85B}.Debug|Any CPU.Build.0 = Debug|Any CPU
		{435099F1-3715-4385-A9C1-15116AC0C85B}.Debug|ARM.ActiveCfg = Debug|Any CPU
		{435099F1-3715-4385-A9C1-15116AC0C85B}.Debug|ARM.Build.0 = Debug|Any CPU
		{435099F1-3715-4385-A9C1-15116AC0C85B}.Debug|ARM64.ActiveCfg = Debug|Any CPU
		{435099F1-3715-4385-A9C1-15116AC0C85B}.Debug|ARM64.Build.0 = Debug|Any CPU
		{435099F1-3715-4385-A9C1-15116AC0C85B}.Debug|x64.ActiveCfg = Debug|Any CPU
		{435099F1-3715-4385-A9C1-15116AC0C85B}.Debug|x64.Build.0 = Debug|Any CPU
		{435099F1-3715-4385-A9C1-15116AC0C85B}.Debug|x86.ActiveCfg = Debug|Any CPU
		{435099F1-3715-4385-A9C1-15116AC0C85B}.Debug|x86.Build.0 = Debug|Any CPU
		{435099F1-3715-4385-A9C1-15116AC0C85B}.Release|Any CPU.ActiveCfg = Release|Any CPU
		{435099F1-3715-4385-A9C1-15116AC0C85B}.Release|Any CPU.Build.0 = Release|Any CPU
		{435099F1-3715-4385-A9C1-15116AC0C85B}.Release|ARM.ActiveCfg = Release|Any CPU
		{435099F1-3715-4385-A9C1-15116AC0C85B}.Release|ARM.Build.0 = Release|Any CPU
		{435099F1-3715-4385-A9C1-15116AC0C85B}.Release|ARM64.ActiveCfg = Release|Any CPU
		{435099F1-3715-4385-A9C1-15116AC0C85B}.Release|ARM64.Build.0 = Release|Any CPU
		{435099F1-3715-4385-A9C1-15116AC0C85B}.Release|x64.ActiveCfg = Release|Any CPU
		{435099F1-3715-4385-A9C1-15116AC0C85B}.Release|x64.Build.0 = Release|Any CPU
		{435099F1-3715-4385-A9C1-15116AC0C85B}.Release|x86.ActiveCfg = Release|Any CPU
		{435099F1-3715-4385-A9C1-15116AC0C85B}.Release|x86.Build.0 = Release|Any CPU
		{9930E9F9-39E6-470E-A644-C15D1C71DA88}.Debug|Any CPU.ActiveCfg = Debug|Any CPU
		{9930E9F9-39E6-470E-A644-C15D1C71DA88}.Debug|Any CPU.Build.0 = Debug|Any CPU
		{9930E9F9-39E6-470E-A644-C15D1C71DA88}.Debug|ARM.ActiveCfg = Debug|Any CPU
		{9930E9F9-39E6-470E-A644-C15D1C71DA88}.Debug|ARM.Build.0 = Debug|Any CPU
		{9930E9F9-39E6-470E-A644-C15D1C71DA88}.Debug|ARM64.ActiveCfg = Debug|Any CPU
		{9930E9F9-39E6-470E-A644-C15D1C71DA88}.Debug|ARM64.Build.0 = Debug|Any CPU
		{9930E9F9-39E6-470E-A644-C15D1C71DA88}.Debug|x64.ActiveCfg = Debug|Any CPU
		{9930E9F9-39E6-470E-A644-C15D1C71DA88}.Debug|x64.Build.0 = Debug|Any CPU
		{9930E9F9-39E6-470E-A644-C15D1C71DA88}.Debug|x86.ActiveCfg = Debug|Any CPU
		{9930E9F9-39E6-470E-A644-C15D1C71DA88}.Debug|x86.Build.0 = Debug|Any CPU
		{9930E9F9-39E6-470E-A644-C15D1C71DA88}.Release|Any CPU.ActiveCfg = Release|Any CPU
		{9930E9F9-39E6-470E-A644-C15D1C71DA88}.Release|Any CPU.Build.0 = Release|Any CPU
		{9930E9F9-39E6-470E-A644-C15D1C71DA88}.Release|ARM.ActiveCfg = Release|Any CPU
		{9930E9F9-39E6-470E-A644-C15D1C71DA88}.Release|ARM.Build.0 = Release|Any CPU
		{9930E9F9-39E6-470E-A644-C15D1C71DA88}.Release|ARM64.ActiveCfg = Release|Any CPU
		{9930E9F9-39E6-470E-A644-C15D1C71DA88}.Release|ARM64.Build.0 = Release|Any CPU
		{9930E9F9-39E6-470E-A644-C15D1C71DA88}.Release|x64.ActiveCfg = Release|Any CPU
		{9930E9F9-39E6-470E-A644-C15D1C71DA88}.Release|x64.Build.0 = Release|Any CPU
		{9930E9F9-39E6-470E-A644-C15D1C71DA88}.Release|x86.ActiveCfg = Release|Any CPU
		{9930E9F9-39E6-470E-A644-C15D1C71DA88}.Release|x86.Build.0 = Release|Any CPU
		{C17E5354-1DFF-4D3B-9375-3169BD99060F}.Debug|Any CPU.ActiveCfg = Debug|Any CPU
		{C17E5354-1DFF-4D3B-9375-3169BD99060F}.Debug|Any CPU.Build.0 = Debug|Any CPU
		{C17E5354-1DFF-4D3B-9375-3169BD99060F}.Debug|ARM.ActiveCfg = Debug|Any CPU
		{C17E5354-1DFF-4D3B-9375-3169BD99060F}.Debug|ARM.Build.0 = Debug|Any CPU
		{C17E5354-1DFF-4D3B-9375-3169BD99060F}.Debug|ARM64.ActiveCfg = Debug|Any CPU
		{C17E5354-1DFF-4D3B-9375-3169BD99060F}.Debug|ARM64.Build.0 = Debug|Any CPU
		{C17E5354-1DFF-4D3B-9375-3169BD99060F}.Debug|x64.ActiveCfg = Debug|Any CPU
		{C17E5354-1DFF-4D3B-9375-3169BD99060F}.Debug|x64.Build.0 = Debug|Any CPU
		{C17E5354-1DFF-4D3B-9375-3169BD99060F}.Debug|x86.ActiveCfg = Debug|Any CPU
		{C17E5354-1DFF-4D3B-9375-3169BD99060F}.Debug|x86.Build.0 = Debug|Any CPU
		{C17E5354-1DFF-4D3B-9375-3169BD99060F}.Release|Any CPU.ActiveCfg = Release|Any CPU
		{C17E5354-1DFF-4D3B-9375-3169BD99060F}.Release|Any CPU.Build.0 = Release|Any CPU
		{C17E5354-1DFF-4D3B-9375-3169BD99060F}.Release|ARM.ActiveCfg = Release|Any CPU
		{C17E5354-1DFF-4D3B-9375-3169BD99060F}.Release|ARM.Build.0 = Release|Any CPU
		{C17E5354-1DFF-4D3B-9375-3169BD99060F}.Release|ARM64.ActiveCfg = Release|Any CPU
		{C17E5354-1DFF-4D3B-9375-3169BD99060F}.Release|ARM64.Build.0 = Release|Any CPU
		{C17E5354-1DFF-4D3B-9375-3169BD99060F}.Release|x64.ActiveCfg = Release|Any CPU
		{C17E5354-1DFF-4D3B-9375-3169BD99060F}.Release|x64.Build.0 = Release|Any CPU
		{C17E5354-1DFF-4D3B-9375-3169BD99060F}.Release|x86.ActiveCfg = Release|Any CPU
		{C17E5354-1DFF-4D3B-9375-3169BD99060F}.Release|x86.Build.0 = Release|Any CPU
		{E9FFBB66-A2FE-44FD-AE88-33CA3A4135FE}.Debug|Any CPU.ActiveCfg = Debug|Any CPU
		{E9FFBB66-A2FE-44FD-AE88-33CA3A4135FE}.Debug|Any CPU.Build.0 = Debug|Any CPU
		{E9FFBB66-A2FE-44FD-AE88-33CA3A4135FE}.Debug|ARM.ActiveCfg = Debug|Any CPU
		{E9FFBB66-A2FE-44FD-AE88-33CA3A4135FE}.Debug|ARM.Build.0 = Debug|Any CPU
		{E9FFBB66-A2FE-44FD-AE88-33CA3A4135FE}.Debug|ARM64.ActiveCfg = Debug|Any CPU
		{E9FFBB66-A2FE-44FD-AE88-33CA3A4135FE}.Debug|ARM64.Build.0 = Debug|Any CPU
		{E9FFBB66-A2FE-44FD-AE88-33CA3A4135FE}.Debug|x64.ActiveCfg = Debug|Any CPU
		{E9FFBB66-A2FE-44FD-AE88-33CA3A4135FE}.Debug|x64.Build.0 = Debug|Any CPU
		{E9FFBB66-A2FE-44FD-AE88-33CA3A4135FE}.Debug|x86.ActiveCfg = Debug|Any CPU
		{E9FFBB66-A2FE-44FD-AE88-33CA3A4135FE}.Debug|x86.Build.0 = Debug|Any CPU
		{E9FFBB66-A2FE-44FD-AE88-33CA3A4135FE}.Release|Any CPU.ActiveCfg = Release|Any CPU
		{E9FFBB66-A2FE-44FD-AE88-33CA3A4135FE}.Release|Any CPU.Build.0 = Release|Any CPU
		{E9FFBB66-A2FE-44FD-AE88-33CA3A4135FE}.Release|ARM.ActiveCfg = Release|Any CPU
		{E9FFBB66-A2FE-44FD-AE88-33CA3A4135FE}.Release|ARM.Build.0 = Release|Any CPU
		{E9FFBB66-A2FE-44FD-AE88-33CA3A4135FE}.Release|ARM64.ActiveCfg = Release|Any CPU
		{E9FFBB66-A2FE-44FD-AE88-33CA3A4135FE}.Release|ARM64.Build.0 = Release|Any CPU
		{E9FFBB66-A2FE-44FD-AE88-33CA3A4135FE}.Release|x64.ActiveCfg = Release|Any CPU
		{E9FFBB66-A2FE-44FD-AE88-33CA3A4135FE}.Release|x64.Build.0 = Release|Any CPU
		{E9FFBB66-A2FE-44FD-AE88-33CA3A4135FE}.Release|x86.ActiveCfg = Release|Any CPU
		{E9FFBB66-A2FE-44FD-AE88-33CA3A4135FE}.Release|x86.Build.0 = Release|Any CPU
	EndGlobalSection
	GlobalSection(SolutionProperties) = preSolution
		HideSolutionNode = FALSE
	EndGlobalSection
	GlobalSection(NestedProjects) = preSolution
		{435099F1-3715-4385-A9C1-15116AC0C85B} = {DB70E9C4-8134-4497-8C38-E089849E6452}
		{9930E9F9-39E6-470E-A644-C15D1C71DA88} = {DB70E9C4-8134-4497-8C38-E089849E6452}
		{C17E5354-1DFF-4D3B-9375-3169BD99060F} = {DB70E9C4-8134-4497-8C38-E089849E6452}
		{E9FFBB66-A2FE-44FD-AE88-33CA3A4135FE} = {DB70E9C4-8134-4497-8C38-E089849E6452}
	EndGlobalSection
	GlobalSection(ExtensibilityGlobals) = postSolution
		SolutionGuid = {382C1C96-D7F2-409E-9D01-A408ED011F03}
	EndGlobalSection
EndGlobal
