
Microsoft Visual Studio Solution File, Format Version 12.00
# Visual Studio Version 16
VisualStudioVersion = 16.0.31112.23
MinimumVisualStudioVersion = 10.0.40219.1
Project("{FAE04EC0-301F-11D3-BF4B-00C04F79EFBC}") = "RBToolsContextMenu.Domain", "RBToolsContextMenu.Domain\RBToolsContextMenu.Domain.csproj", "{EC6AB851-1A26-46DF-8FA0-A83DA18AB340}"
EndProject
Project("{FAE04EC0-301F-11D3-BF4B-00C04F79EFBC}") = "RBToolsContextMenu.Application", "RBToolsContextMenu.Application\RBToolsContextMenu.Application.csproj", "{5E560B6B-0572-4B08-8A69-FE88316F2849}"
EndProject
Project("{FAE04EC0-301F-11D3-BF4B-00C04F79EFBC}") = "RBToolsContextMenu.UI.Wpf", "RBToolsContextMenu.UI.Wpf\RBToolsContextMenu.UI.Wpf.csproj", "{B6990C20-C540-497E-917C-001BA763C000}"
EndProject
Project("{FAE04EC0-301F-11D3-BF4B-00C04F79EFBC}") = "RBToolsContextMenu.UI.Uwp", "RBToolsContextMenu.UI.Uwp\RBToolsContextMenu.UI.Uwp.csproj", "{A731F68C-AD2D-4AF5-8040-038993221ECD}"
EndProject
Project("{FAE04EC0-301F-11D3-BF4B-00C04F79EFBC}") = "CoreTest", "CoreTest\CoreTest.csproj", "{448C14E5-012E-4787-80BD-16E263BA51BA}"
EndProject
Global
	GlobalSection(SolutionConfigurationPlatforms) = preSolution
		Debug|Any CPU = Debug|Any CPU
		Debug|ARM = Debug|ARM
		Debug|ARM64 = Debug|ARM64
		Debug|x64 = Debug|x64
		Debug|x86 = Debug|x86
		Release|Any CPU = Release|Any CPU
		Release|ARM = Release|ARM
		Release|ARM64 = Release|ARM64
		Release|x64 = Release|x64
		Release|x86 = Release|x86
	EndGlobalSection
	GlobalSection(ProjectConfigurationPlatforms) = postSolution
		{EC6AB851-1A26-46DF-8FA0-A83DA18AB340}.Debug|Any CPU.ActiveCfg = Debug|Any CPU
		{EC6AB851-1A26-46DF-8FA0-A83DA18AB340}.Debug|Any CPU.Build.0 = Debug|Any CPU
		{EC6AB851-1A26-46DF-8FA0-A83DA18AB340}.Debug|ARM.ActiveCfg = Debug|Any CPU
		{EC6AB851-1A26-46DF-8FA0-A83DA18AB340}.Debug|ARM.Build.0 = Debug|Any CPU
		{EC6AB851-1A26-46DF-8FA0-A83DA18AB340}.Debug|ARM64.ActiveCfg = Debug|Any CPU
		{EC6AB851-1A26-46DF-8FA0-A83DA18AB340}.Debug|ARM64.Build.0 = Debug|Any CPU
		{EC6AB851-1A26-46DF-8FA0-A83DA18AB340}.Debug|x64.ActiveCfg = Debug|Any CPU
		{EC6AB851-1A26-46DF-8FA0-A83DA18AB340}.Debug|x64.Build.0 = Debug|Any CPU
		{EC6AB851-1A26-46DF-8FA0-A83DA18AB340}.Debug|x86.ActiveCfg = Debug|Any CPU
		{EC6AB851-1A26-46DF-8FA0-A83DA18AB340}.Debug|x86.Build.0 = Debug|Any CPU
		{EC6AB851-1A26-46DF-8FA0-A83DA18AB340}.Release|Any CPU.ActiveCfg = Release|Any CPU
		{EC6AB851-1A26-46DF-8FA0-A83DA18AB340}.Release|Any CPU.Build.0 = Release|Any CPU
		{EC6AB851-1A26-46DF-8FA0-A83DA18AB340}.Release|ARM.ActiveCfg = Release|Any CPU
		{EC6AB851-1A26-46DF-8FA0-A83DA18AB340}.Release|ARM.Build.0 = Release|Any CPU
		{EC6AB851-1A26-46DF-8FA0-A83DA18AB340}.Release|ARM64.ActiveCfg = Release|Any CPU
		{EC6AB851-1A26-46DF-8FA0-A83DA18AB340}.Release|ARM64.Build.0 = Release|Any CPU
		{EC6AB851-1A26-46DF-8FA0-A83DA18AB340}.Release|x64.ActiveCfg = Release|Any CPU
		{EC6AB851-1A26-46DF-8FA0-A83DA18AB340}.Release|x64.Build.0 = Release|Any CPU
		{EC6AB851-1A26-46DF-8FA0-A83DA18AB340}.Release|x86.ActiveCfg = Release|Any CPU
		{EC6AB851-1A26-46DF-8FA0-A83DA18AB340}.Release|x86.Build.0 = Release|Any CPU
		{5E560B6B-0572-4B08-8A69-FE88316F2849}.Debug|Any CPU.ActiveCfg = Debug|Any CPU
		{5E560B6B-0572-4B08-8A69-FE88316F2849}.Debug|Any CPU.Build.0 = Debug|Any CPU
		{5E560B6B-0572-4B08-8A69-FE88316F2849}.Debug|ARM.ActiveCfg = Debug|Any CPU
		{5E560B6B-0572-4B08-8A69-FE88316F2849}.Debug|ARM.Build.0 = Debug|Any CPU
		{5E560B6B-0572-4B08-8A69-FE88316F2849}.Debug|ARM64.ActiveCfg = Debug|Any CPU
		{5E560B6B-0572-4B08-8A69-FE88316F2849}.Debug|ARM64.Build.0 = Debug|Any CPU
		{5E560B6B-0572-4B08-8A69-FE88316F2849}.Debug|x64.ActiveCfg = Debug|Any CPU
		{5E560B6B-0572-4B08-8A69-FE88316F2849}.Debug|x64.Build.0 = Debug|Any CPU
		{5E560B6B-0572-4B08-8A69-FE88316F2849}.Debug|x86.ActiveCfg = Debug|Any CPU
		{5E560B6B-0572-4B08-8A69-FE88316F2849}.Debug|x86.Build.0 = Debug|Any CPU
		{5E560B6B-0572-4B08-8A69-FE88316F2849}.Release|Any CPU.ActiveCfg = Release|Any CPU
		{5E560B6B-0572-4B08-8A69-FE88316F2849}.Release|Any CPU.Build.0 = Release|Any CPU
		{5E560B6B-0572-4B08-8A69-FE88316F2849}.Release|ARM.ActiveCfg = Release|Any CPU
		{5E560B6B-0572-4B08-8A69-FE88316F2849}.Release|ARM.Build.0 = Release|Any CPU
		{5E560B6B-0572-4B08-8A69-FE88316F2849}.Release|ARM64.ActiveCfg = Release|Any CPU
		{5E560B6B-0572-4B08-8A69-FE88316F2849}.Release|ARM64.Build.0 = Release|Any CPU
		{5E560B6B-0572-4B08-8A69-FE88316F2849}.Release|x64.ActiveCfg = Release|Any CPU
		{5E560B6B-0572-4B08-8A69-FE88316F2849}.Release|x64.Build.0 = Release|Any CPU
		{5E560B6B-0572-4B08-8A69-FE88316F2849}.Release|x86.ActiveCfg = Release|Any CPU
		{5E560B6B-0572-4B08-8A69-FE88316F2849}.Release|x86.Build.0 = Release|Any CPU
		{B6990C20-C540-497E-917C-001BA763C000}.Debug|Any CPU.ActiveCfg = Debug|Any CPU
		{B6990C20-C540-497E-917C-001BA763C000}.Debug|Any CPU.Build.0 = Debug|Any CPU
		{B6990C20-C540-497E-917C-001BA763C000}.Debug|ARM.ActiveCfg = Debug|Any CPU
		{B6990C20-C540-497E-917C-001BA763C000}.Debug|ARM.Build.0 = Debug|Any CPU
		{B6990C20-C540-497E-917C-001BA763C000}.Debug|ARM64.ActiveCfg = Debug|Any CPU
		{B6990C20-C540-497E-917C-001BA763C000}.Debug|ARM64.Build.0 = Debug|Any CPU
		{B6990C20-C540-497E-917C-001BA763C000}.Debug|x64.ActiveCfg = Debug|Any CPU
		{B6990C20-C540-497E-917C-001BA763C000}.Debug|x64.Build.0 = Debug|Any CPU
		{B6990C20-C540-497E-917C-001BA763C000}.Debug|x86.ActiveCfg = Debug|Any CPU
		{B6990C20-C540-497E-917C-001BA763C000}.Debug|x86.Build.0 = Debug|Any CPU
		{B6990C20-C540-497E-917C-001BA763C000}.Release|Any CPU.ActiveCfg = Release|Any CPU
		{B6990C20-C540-497E-917C-001BA763C000}.Release|Any CPU.Build.0 = Release|Any CPU
		{B6990C20-C540-497E-917C-001BA763C000}.Release|ARM.ActiveCfg = Release|Any CPU
		{B6990C20-C540-497E-917C-001BA763C000}.Release|ARM.Build.0 = Release|Any CPU
		{B6990C20-C540-497E-917C-001BA763C000}.Release|ARM64.ActiveCfg = Release|Any CPU
		{B6990C20-C540-497E-917C-001BA763C000}.Release|ARM64.Build.0 = Release|Any CPU
		{B6990C20-C540-497E-917C-001BA763C000}.Release|x64.ActiveCfg = Release|Any CPU
		{B6990C20-C540-497E-917C-001BA763C000}.Release|x64.Build.0 = Release|Any CPU
		{B6990C20-C540-497E-917C-001BA763C000}.Release|x86.ActiveCfg = Release|Any CPU
		{B6990C20-C540-497E-917C-001BA763C000}.Release|x86.Build.0 = Release|Any CPU
		{A731F68C-AD2D-4AF5-8040-038993221ECD}.Debug|Any CPU.ActiveCfg = Debug|x64
		{A731F68C-AD2D-4AF5-8040-038993221ECD}.Debug|Any CPU.Build.0 = Debug|x64
		{A731F68C-AD2D-4AF5-8040-038993221ECD}.Debug|ARM.ActiveCfg = Debug|ARM
		{A731F68C-AD2D-4AF5-8040-038993221ECD}.Debug|ARM.Build.0 = Debug|ARM
		{A731F68C-AD2D-4AF5-8040-038993221ECD}.Debug|ARM.Deploy.0 = Debug|ARM
		{A731F68C-AD2D-4AF5-8040-038993221ECD}.Debug|ARM64.ActiveCfg = Debug|ARM64
		{A731F68C-AD2D-4AF5-8040-038993221ECD}.Debug|ARM64.Build.0 = Debug|ARM64
		{A731F68C-AD2D-4AF5-8040-038993221ECD}.Debug|ARM64.Deploy.0 = Debug|ARM64
		{A731F68C-AD2D-4AF5-8040-038993221ECD}.Debug|x64.ActiveCfg = Debug|x64
		{A731F68C-AD2D-4AF5-8040-038993221ECD}.Debug|x64.Build.0 = Debug|x64
		{A731F68C-AD2D-4AF5-8040-038993221ECD}.Debug|x64.Deploy.0 = Debug|x64
		{A731F68C-AD2D-4AF5-8040-038993221ECD}.Debug|x86.ActiveCfg = Debug|x86
		{A731F68C-AD2D-4AF5-8040-038993221ECD}.Debug|x86.Build.0 = Debug|x86
		{A731F68C-AD2D-4AF5-8040-038993221ECD}.Debug|x86.Deploy.0 = Debug|x86
		{A731F68C-AD2D-4AF5-8040-038993221ECD}.Release|Any CPU.ActiveCfg = Release|x86
		{A731F68C-AD2D-4AF5-8040-038993221ECD}.Release|ARM.ActiveCfg = Release|ARM
		{A731F68C-AD2D-4AF5-8040-038993221ECD}.Release|ARM.Build.0 = Release|ARM
		{A731F68C-AD2D-4AF5-8040-038993221ECD}.Release|ARM.Deploy.0 = Release|ARM
		{A731F68C-AD2D-4AF5-8040-038993221ECD}.Release|ARM64.ActiveCfg = Release|ARM64
		{A731F68C-AD2D-4AF5-8040-038993221ECD}.Release|ARM64.Build.0 = Release|ARM64
		{A731F68C-AD2D-4AF5-8040-038993221ECD}.Release|ARM64.Deploy.0 = Release|ARM64
		{A731F68C-AD2D-4AF5-8040-038993221ECD}.Release|x64.ActiveCfg = Release|x64
		{A731F68C-AD2D-4AF5-8040-038993221ECD}.Release|x64.Build.0 = Release|x64
		{A731F68C-AD2D-4AF5-8040-038993221ECD}.Release|x64.Deploy.0 = Release|x64
		{A731F68C-AD2D-4AF5-8040-038993221ECD}.Release|x86.ActiveCfg = Release|x86
		{A731F68C-AD2D-4AF5-8040-038993221ECD}.Release|x86.Build.0 = Release|x86
		{A731F68C-AD2D-4AF5-8040-038993221ECD}.Release|x86.Deploy.0 = Release|x86
		{448C14E5-012E-4787-80BD-16E263BA51BA}.Debug|Any CPU.ActiveCfg = Debug|Any CPU
		{448C14E5-012E-4787-80BD-16E263BA51BA}.Debug|Any CPU.Build.0 = Debug|Any CPU
		{448C14E5-012E-4787-80BD-16E263BA51BA}.Debug|ARM.ActiveCfg = Debug|Any CPU
		{448C14E5-012E-4787-80BD-16E263BA51BA}.Debug|ARM.Build.0 = Debug|Any CPU
		{448C14E5-012E-4787-80BD-16E263BA51BA}.Debug|ARM64.ActiveCfg = Debug|Any CPU
		{448C14E5-012E-4787-80BD-16E263BA51BA}.Debug|ARM64.Build.0 = Debug|Any CPU
		{448C14E5-012E-4787-80BD-16E263BA51BA}.Debug|x64.ActiveCfg = Debug|Any CPU
		{448C14E5-012E-4787-80BD-16E263BA51BA}.Debug|x64.Build.0 = Debug|Any CPU
		{448C14E5-012E-4787-80BD-16E263BA51BA}.Debug|x86.ActiveCfg = Debug|Any CPU
		{448C14E5-012E-4787-80BD-16E263BA51BA}.Debug|x86.Build.0 = Debug|Any CPU
		{448C14E5-012E-4787-80BD-16E263BA51BA}.Release|Any CPU.ActiveCfg = Release|Any CPU
		{448C14E5-012E-4787-80BD-16E263BA51BA}.Release|Any CPU.Build.0 = Release|Any CPU
		{448C14E5-012E-4787-80BD-16E263BA51BA}.Release|ARM.ActiveCfg = Release|Any CPU
		{448C14E5-012E-4787-80BD-16E263BA51BA}.Release|ARM.Build.0 = Release|Any CPU
		{448C14E5-012E-4787-80BD-16E263BA51BA}.Release|ARM64.ActiveCfg = Release|Any CPU
		{448C14E5-012E-4787-80BD-16E263BA51BA}.Release|ARM64.Build.0 = Release|Any CPU
		{448C14E5-012E-4787-80BD-16E263BA51BA}.Release|x64.ActiveCfg = Release|Any CPU
		{448C14E5-012E-4787-80BD-16E263BA51BA}.Release|x64.Build.0 = Release|Any CPU
		{448C14E5-012E-4787-80BD-16E263BA51BA}.Release|x86.ActiveCfg = Release|Any CPU
		{448C14E5-012E-4787-80BD-16E263BA51BA}.Release|x86.Build.0 = Release|Any CPU
	EndGlobalSection
	GlobalSection(SolutionProperties) = preSolution
		HideSolutionNode = FALSE
	EndGlobalSection
	GlobalSection(ExtensibilityGlobals) = postSolution
		SolutionGuid = {382C1C96-D7F2-409E-9D01-A408ED011F03}
	EndGlobalSection
EndGlobal
